
Microsoft Visual Studio Solution File, Format Version 12.00
# Visual Studio Version 17
VisualStudioVersion = 17.4.33213.308
MinimumVisualStudioVersion = 10.0.40219.1
Project("{FAE04EC0-301F-11D3-BF4B-00C04F79EFBC}") = "BookStore.API", "BookStore.API\BookStore.API.csproj", "{7F6B9066-0710-4AB1-A225-C7388A0B536B}"
EndProject
Global
	GlobalSection(SolutionConfigurationPlatforms) = preSolution
		Debug|Any CPU = Debug|Any CPU
		Release|Any CPU = Release|Any CPU
	EndGlobalSection
	GlobalSection(ProjectConfigurationPlatforms) = postSolution
		{7F6B9066-0710-4AB1-A225-C7388A0B536B}.Debug|Any CPU.ActiveCfg = Debug|Any CPU
		{7F6B9066-0710-4AB1-A225-C7388A0B536B}.Debug|Any CPU.Build.0 = Debug|Any CPU
		{7F6B9066-0710-4AB1-A225-C7388A0B536B}.Release|Any CPU.ActiveCfg = Release|Any CPU
		{7F6B9066-0710-4AB1-A225-C7388A0B536B}.Release|Any CPU.Build.0 = Release|Any CPU
	EndGlobalSection
	GlobalSection(SolutionProperties) = preSolution
		HideSolutionNode = FALSE
	EndGlobalSection
	GlobalSection(ExtensibilityGlobals) = postSolution
		SolutionGuid = {1273668C-5F51-4BB2-BBFC-20A999FEF4FB}
	EndGlobalSection
EndGlobal
